
Microsoft Visual Studio Solution File, Format Version 12.00
# Visual Studio Version 17
VisualStudioVersion = 17.9.34728.123
MinimumVisualStudioVersion = 10.0.40219.1
Project("{9A19103F-16F7-4668-BE54-9A1E7A4F7556}") = "iGreenData", "iGreenData\iGreenData.csproj", "{AF1FDAD3-D4A1-47E9-872B-75076F06B106}"
EndProject
Global
	GlobalSection(SolutionConfigurationPlatforms) = preSolution
		Debug|Any CPU = Debug|Any CPU
		Release|Any CPU = Release|Any CPU
	EndGlobalSection
	GlobalSection(ProjectConfigurationPlatforms) = postSolution
		{AF1FDAD3-D4A1-47E9-872B-75076F06B106}.Debug|Any CPU.ActiveCfg = Debug|Any CPU
		{AF1FDAD3-D4A1-47E9-872B-75076F06B106}.Debug|Any CPU.Build.0 = Debug|Any CPU
		{AF1FDAD3-D4A1-47E9-872B-75076F06B106}.Release|Any CPU.ActiveCfg = Release|Any CPU
		{AF1FDAD3-D4A1-47E9-872B-75076F06B106}.Release|Any CPU.Build.0 = Release|Any CPU
	EndGlobalSection
	GlobalSection(SolutionProperties) = preSolution
		HideSolutionNode = FALSE
	EndGlobalSection
	GlobalSection(ExtensibilityGlobals) = postSolution
		SolutionGuid = {5641D6F5-B397-43F4-9581-5054077D5E1D}
	EndGlobalSection
EndGlobal
